// !$*UTF8*$!
{
	archiveVersion = 1;
	classes = {
	};
	objectVersion = 46;
	objects = {

/* Begin PBXBuildFile section */
		30A664311E31F78B0045F74C /* SentMemesCollectionViewController.swift in Sources */ = {isa = PBXBuildFile; fileRef = 30A664301E31F78B0045F74C /* SentMemesCollectionViewController.swift */; };
		30A664331E31F8D20045F74C /* SentMemesTableViewController.swift in Sources */ = {isa = PBXBuildFile; fileRef = 30A664321E31F8D20045F74C /* SentMemesTableViewController.swift */; };
		30A664351E340EE80045F74C /* Meme.swift in Sources */ = {isa = PBXBuildFile; fileRef = 30A664341E340EE80045F74C /* Meme.swift */; };
		30A664391E3414CA0045F74C /* SentMemesTableViewCell.swift in Sources */ = {isa = PBXBuildFile; fileRef = 30A664381E3414CA0045F74C /* SentMemesTableViewCell.swift */; };
		30A6643D1E3437FD0045F74C /* SentMemesCollectionViewCell.swift in Sources */ = {isa = PBXBuildFile; fileRef = 30A6643C1E3437FD0045F74C /* SentMemesCollectionViewCell.swift */; };
		30A6643F1E3457030045F74C /* MemeDetailViewController.swift in Sources */ = {isa = PBXBuildFile; fileRef = 30A6643E1E3457030045F74C /* MemeDetailViewController.swift */; };
		30D9D41F1DA352390022259E /* AppDelegate.swift in Sources */ = {isa = PBXBuildFile; fileRef = 30D9D41E1DA352390022259E /* AppDelegate.swift */; };
		30D9D4211DA352390022259E /* ViewController.swift in Sources */ = {isa = PBXBuildFile; fileRef = 30D9D4201DA352390022259E /* ViewController.swift */; };
		30D9D4241DA352390022259E /* Main.storyboard in Resources */ = {isa = PBXBuildFile; fileRef = 30D9D4221DA352390022259E /* Main.storyboard */; };
		30D9D4261DA352390022259E /* Assets.xcassets in Resources */ = {isa = PBXBuildFile; fileRef = 30D9D4251DA352390022259E /* Assets.xcassets */; };
		30D9D4291DA352390022259E /* LaunchScreen.storyboard in Resources */ = {isa = PBXBuildFile; fileRef = 30D9D4271DA352390022259E /* LaunchScreen.storyboard */; };
/* End PBXBuildFile section */

/* Begin PBXFileReference section */
		30A664301E31F78B0045F74C /* SentMemesCollectionViewController.swift */ = {isa = PBXFileReference; fileEncoding = 4; lastKnownFileType = sourcecode.swift; name = SentMemesCollectionViewController.swift; path = Assets.xcassets/SentMemesCollectionViewController.swift; sourceTree = "<group>"; };
		30A664321E31F8D20045F74C /* SentMemesTableViewController.swift */ = {isa = PBXFileReference; fileEncoding = 4; lastKnownFileType = sourcecode.swift; path = SentMemesTableViewController.swift; sourceTree = "<group>"; };
		30A664341E340EE80045F74C /* Meme.swift */ = {isa = PBXFileReference; fileEncoding = 4; lastKnownFileType = sourcecode.swift; path = Meme.swift; sourceTree = "<group>"; };
		30A664381E3414CA0045F74C /* SentMemesTableViewCell.swift */ = {isa = PBXFileReference; fileEncoding = 4; lastKnownFileType = sourcecode.swift; path = SentMemesTableViewCell.swift; sourceTree = "<group>"; };
		30A6643C1E3437FD0045F74C /* SentMemesCollectionViewCell.swift */ = {isa = PBXFileReference; fileEncoding = 4; lastKnownFileType = sourcecode.swift; path = SentMemesCollectionViewCell.swift; sourceTree = "<group>"; };
		30A6643E1E3457030045F74C /* MemeDetailViewController.swift */ = {isa = PBXFileReference; fileEncoding = 4; lastKnownFileType = sourcecode.swift; path = MemeDetailViewController.swift; sourceTree = "<group>"; };
		30D9D41B1DA352390022259E /* ImagePicker.app */ = {isa = PBXFileReference; explicitFileType = wrapper.application; includeInIndex = 0; path = ImagePicker.app; sourceTree = BUILT_PRODUCTS_DIR; };
		30D9D41E1DA352390022259E /* AppDelegate.swift */ = {isa = PBXFileReference; lastKnownFileType = sourcecode.swift; path = AppDelegate.swift; sourceTree = "<group>"; };
		30D9D4201DA352390022259E /* ViewController.swift */ = {isa = PBXFileReference; lastKnownFileType = sourcecode.swift; path = ViewController.swift; sourceTree = "<group>"; };
		30D9D4231DA352390022259E /* Base */ = {isa = PBXFileReference; lastKnownFileType = file.storyboard; name = Base; path = Base.lproj/Main.storyboard; sourceTree = "<group>"; };
		30D9D4251DA352390022259E /* Assets.xcassets */ = {isa = PBXFileReference; lastKnownFileType = folder.assetcatalog; path = Assets.xcassets; sourceTree = "<group>"; };
		30D9D4281DA352390022259E /* Base */ = {isa = PBXFileReference; lastKnownFileType = file.storyboard; name = Base; path = Base.lproj/LaunchScreen.storyboard; sourceTree = "<group>"; };
		30D9D42A1DA352390022259E /* Info.plist */ = {isa = PBXFileReference; lastKnownFileType = text.plist.xml; path = Info.plist; sourceTree = "<group>"; };
/* End PBXFileReference section */

/* Begin PBXFrameworksBuildPhase section */
		30D9D4181DA352390022259E /* Frameworks */ = {
			isa = PBXFrameworksBuildPhase;
			buildActionMask = 2147483647;
			files = (
			);
			runOnlyForDeploymentPostprocessing = 0;
		};
/* End PBXFrameworksBuildPhase section */

/* Begin PBXGroup section */
		30D9D4121DA352390022259E = {
			isa = PBXGroup;
			children = (
				30D9D41D1DA352390022259E /* ImagePicker */,
				30D9D41C1DA352390022259E /* Products */,
			);
			sourceTree = "<group>";
		};
		30D9D41C1DA352390022259E /* Products */ = {
			isa = PBXGroup;
			children = (
				30D9D41B1DA352390022259E /* ImagePicker.app */,
			);
			name = Products;
			sourceTree = "<group>";
		};
		30D9D41D1DA352390022259E /* ImagePicker */ = {
			isa = PBXGroup;
			children = (
				30D9D41E1DA352390022259E /* AppDelegate.swift */,
				30D9D4201DA352390022259E /* ViewController.swift */,
				30A664301E31F78B0045F74C /* SentMemesCollectionViewController.swift */,
				30A664321E31F8D20045F74C /* SentMemesTableViewController.swift */,
				30A6643E1E3457030045F74C /* MemeDetailViewController.swift */,
				30A664341E340EE80045F74C /* Meme.swift */,
				30A664381E3414CA0045F74C /* SentMemesTableViewCell.swift */,
				30A6643C1E3437FD0045F74C /* SentMemesCollectionViewCell.swift */,
				30D9D4221DA352390022259E /* Main.storyboard */,
				30D9D4251DA352390022259E /* Assets.xcassets */,
				30D9D4271DA352390022259E /* LaunchScreen.storyboard */,
				30D9D42A1DA352390022259E /* Info.plist */,
			);
			path = ImagePicker;
			sourceTree = "<group>";
		};
/* End PBXGroup section */

/* Begin PBXNativeTarget section */
		30D9D41A1DA352390022259E /* ImagePicker */ = {
			isa = PBXNativeTarget;
			buildConfigurationList = 30D9D42D1DA352390022259E /* Build configuration list for PBXNativeTarget "ImagePicker" */;
			buildPhases = (
				30D9D4171DA352390022259E /* Sources */,
				30D9D4181DA352390022259E /* Frameworks */,
				30D9D4191DA352390022259E /* Resources */,
			);
			buildRules = (
			);
			dependencies = (
			);
			name = ImagePicker;
			productName = ImagePicker;
			productReference = 30D9D41B1DA352390022259E /* ImagePicker.app */;
			productType = "com.apple.product-type.application";
		};
/* End PBXNativeTarget section */

/* Begin PBXProject section */
		30D9D4131DA352390022259E /* Project object */ = {
			isa = PBXProject;
			attributes = {
				LastSwiftUpdateCheck = 0800;
				LastUpgradeCheck = 0800;
				ORGANIZATIONNAME = "Ryan Smith";
				TargetAttributes = {
					30D9D41A1DA352390022259E = {
						CreatedOnToolsVersion = 8.0;
						DevelopmentTeam = ZJFS9DCDDS;
						LastSwiftMigration = 0800;
						ProvisioningStyle = Automatic;
					};
				};
			};
			buildConfigurationList = 30D9D4161DA352390022259E /* Build configuration list for PBXProject "ImagePicker" */;
			compatibilityVersion = "Xcode 3.2";
			developmentRegion = English;
			hasScannedForEncodings = 0;
			knownRegions = (
				en,
				Base,
			);
			mainGroup = 30D9D4121DA352390022259E;
			productRefGroup = 30D9D41C1DA352390022259E /* Products */;
			projectDirPath = "";
			projectRoot = "";
			targets = (
				30D9D41A1DA352390022259E /* ImagePicker */,
			);
		};
/* End PBXProject section */

/* Begin PBXResourcesBuildPhase section */
		30D9D4191DA352390022259E /* Resources */ = {
			isa = PBXResourcesBuildPhase;
			buildActionMask = 2147483647;
			files = (
				30D9D4291DA352390022259E /* LaunchScreen.storyboard in Resources */,
				30D9D4261DA352390022259E /* Assets.xcassets in Resources */,
				30D9D4241DA352390022259E /* Main.storyboard in Resources */,
			);
			runOnlyForDeploymentPostprocessing = 0;
		};
/* End PBXResourcesBuildPhase section */

/* Begin PBXSourcesBuildPhase section */
		30D9D4171DA352390022259E /* Sources */ = {
			isa = PBXSourcesBuildPhase;
			buildActionMask = 2147483647;
			files = (
				30D9D4211DA352390022259E /* ViewController.swift in Sources */,
				30A6643D1E3437FD0045F74C /* SentMemesCollectionViewCell.swift in Sources */,
				30A664391E3414CA0045F74C /* SentMemesTableViewCell.swift in Sources */,
				30A664331E31F8D20045F74C /* SentMemesTableViewController.swift in Sources */,
				30D9D41F1DA352390022259E /* AppDelegate.swift in Sources */,
				30A664311E31F78B0045F74C /* SentMemesCollectionViewController.swift in Sources */,
				30A664351E340EE80045F74C /* Meme.swift in Sources */,
				30A6643F1E3457030045F74C /* MemeDetailViewController.swift in Sources */,
			);
			runOnlyForDeploymentPostprocessing = 0;
		};
/* End PBXSourcesBuildPhase section */

/* Begin PBXVariantGroup section */
		30D9D4221DA352390022259E /* Main.storyboard */ = {
			isa = PBXVariantGroup;
			children = (
				30D9D4231DA352390022259E /* Base */,
			);
			name = Main.storyboard;
			sourceTree = "<group>";
		};
		30D9D4271DA352390022259E /* LaunchScreen.storyboard */ = {
			isa = PBXVariantGroup;
			children = (
				30D9D4281DA352390022259E /* Base */,
			);
			name = LaunchScreen.storyboard;
			sourceTree = "<group>";
		};
/* End PBXVariantGroup section */

/* Begin XCBuildConfiguration section */
		30D9D42B1DA352390022259E /* Debug */ = {
			isa = XCBuildConfiguration;
			buildSettings = {
				ALWAYS_SEARCH_USER_PATHS = NO;
				CLANG_ANALYZER_NONNULL = YES;
				CLANG_CXX_LANGUAGE_STANDARD = "gnu++0x";
				CLANG_CXX_LIBRARY = "libc++";
				CLANG_ENABLE_MODULES = YES;
				CLANG_ENABLE_OBJC_ARC = YES;
				CLANG_WARN_BOOL_CONVERSION = YES;
				CLANG_WARN_CONSTANT_CONVERSION = YES;
				CLANG_WARN_DIRECT_OBJC_ISA_USAGE = YES_ERROR;
				CLANG_WARN_DOCUMENTATION_COMMENTS = YES;
				CLANG_WARN_EMPTY_BODY = YES;
				CLANG_WARN_ENUM_CONVERSION = YES;
				CLANG_WARN_INFINITE_RECURSION = YES;
				CLANG_WARN_INT_CONVERSION = YES;
				CLANG_WARN_OBJC_ROOT_CLASS = YES_ERROR;
				CLANG_WARN_SUSPICIOUS_MOVES = YES;
				CLANG_WARN_UNREACHABLE_CODE = YES;
				CLANG_WARN__DUPLICATE_METHOD_MATCH = YES;
				"CODE_SIGN_IDENTITY[sdk=iphoneos*]" = "iPhone Developer";
				COPY_PHASE_STRIP = NO;
				DEBUG_INFORMATION_FORMAT = dwarf;
				ENABLE_STRICT_OBJC_MSGSEND = YES;
				ENABLE_TESTABILITY = YES;
				GCC_C_LANGUAGE_STANDARD = gnu99;
				GCC_DYNAMIC_NO_PIC = NO;
				GCC_NO_COMMON_BLOCKS = YES;
				GCC_OPTIMIZATION_LEVEL = 0;
				GCC_PREPROCESSOR_DEFINITIONS = (
					"DEBUG=1",
					"$(inherited)",
				);
				GCC_WARN_64_TO_32_BIT_CONVERSION = YES;
				GCC_WARN_ABOUT_RETURN_TYPE = YES_ERROR;
				GCC_WARN_UNDECLARED_SELECTOR = YES;
				GCC_WARN_UNINITIALIZED_AUTOS = YES_AGGRESSIVE;
				GCC_WARN_UNUSED_FUNCTION = YES;
				GCC_WARN_UNUSED_VARIABLE = YES;
				IPHONEOS_DEPLOYMENT_TARGET = 10.0;
				MTL_ENABLE_DEBUG_INFO = YES;
				ONLY_ACTIVE_ARCH = YES;
				SDKROOT = iphoneos;
				SWIFT_ACTIVE_COMPILATION_CONDITIONS = DEBUG;
				SWIFT_OPTIMIZATION_LEVEL = "-Onone";
				TARGETED_DEVICE_FAMILY = "1,2";
			};
			name = Debug;
		};
		30D9D42C1DA352390022259E /* Release */ = {
			isa = XCBuildConfiguration;
			buildSettings = {
				ALWAYS_SEARCH_USER_PATHS = NO;
				CLANG_ANALYZER_NONNULL = YES;
				CLANG_CXX_LANGUAGE_STANDARD = "gnu++0x";
				CLANG_CXX_LIBRARY = "libc++";
				CLANG_ENABLE_MODULES = YES;
				CLANG_ENABLE_OBJC_ARC = YES;
				CLANG_WARN_BOOL_CONVERSION = YES;
				CLANG_WARN_CONSTANT_CONVERSION = YES;
				CLANG_WARN_DIRECT_OBJC_ISA_USAGE = YES_ERROR;
				CLANG_WARN_DOCUMENTATION_COMMENTS = YES;
				CLANG_WARN_EMPTY_BODY = YES;
				CLANG_WARN_ENUM_CONVERSION = YES;
				CLANG_WARN_INFINITE_RECURSION = YES;
				CLANG_WARN_INT_CONVERSION = YES;
				CLANG_WARN_OBJC_ROOT_CLASS = YES_ERROR;
				CLANG_WARN_SUSPICIOUS_MOVES = YES;
				CLANG_WARN_UNREACHABLE_CODE = YES;
				CLANG_WARN__DUPLICATE_METHOD_MATCH = YES;
				"CODE_SIGN_IDENTITY[sdk=iphoneos*]" = "iPhone Developer";
				COPY_PHASE_STRIP = NO;
				DEBUG_INFORMATION_FORMAT = "dwarf-with-dsym";
				ENABLE_NS_ASSERTIONS = NO;
				ENABLE_STRICT_OBJC_MSGSEND = YES;
				GCC_C_LANGUAGE_STANDARD = gnu99;
				GCC_NO_COMMON_BLOCKS = YES;
				GCC_WARN_64_TO_32_BIT_CONVERSION = YES;
				GCC_WARN_ABOUT_RETURN_TYPE = YES_ERROR;
				GCC_WARN_UNDECLARED_SELECTOR = YES;
				GCC_WARN_UNINITIALIZED_AUTOS = YES_AGGRESSIVE;
				GCC_WARN_UNUSED_FUNCTION = YES;
				GCC_WARN_UNUSED_VARIABLE = YES;
				IPHONEOS_DEPLOYMENT_TARGET = 10.0;
				MTL_ENABLE_DEBUG_INFO = NO;
				SDKROOT = iphoneos;
				SWIFT_OPTIMIZATION_LEVEL = "-Owholemodule";
				TARGETED_DEVICE_FAMILY = "1,2";
				VALIDATE_PRODUCT = YES;
			};
			name = Release;
		};
		30D9D42E1DA352390022259E /* Debug */ = {
			isa = XCBuildConfiguration;
			buildSettings = {
				ASSETCATALOG_COMPILER_APPICON_NAME = AppIcon;
				DEVELOPMENT_TEAM = ZJFS9DCDDS;
				INFOPLIST_FILE = ImagePicker/Info.plist;
				LD_RUNPATH_SEARCH_PATHS = "$(inherited) @executable_path/Frameworks";
				PRODUCT_BUNDLE_IDENTIFIER = com.ryonsmyth.ImagePicker;
				PRODUCT_NAME = "$(TARGET_NAME)";
				SWIFT_VERSION = 3.0;
			};
			name = Debug;
		};
		30D9D42F1DA352390022259E /* Release */ = {
			isa = XCBuildConfiguration;
			buildSettings = {
				ASSETCATALOG_COMPILER_APPICON_NAME = AppIcon;
				DEVELOPMENT_TEAM = ZJFS9DCDDS;
				INFOPLIST_FILE = ImagePicker/Info.plist;
				LD_RUNPATH_SEARCH_PATHS = "$(inherited) @executable_path/Frameworks";
				PRODUCT_BUNDLE_IDENTIFIER = com.ryonsmyth.ImagePicker;
				PRODUCT_NAME = "$(TARGET_NAME)";
				SWIFT_VERSION = 3.0;
			};
			name = Release;
		};
/* End XCBuildConfiguration section */

/* Begin XCConfigurationList section */
		30D9D4161DA352390022259E /* Build configuration list for PBXProject "ImagePicker" */ = {
			isa = XCConfigurationList;
			buildConfigurations = (
				30D9D42B1DA352390022259E /* Debug */,
				30D9D42C1DA352390022259E /* Release */,
			);
			defaultConfigurationIsVisible = 0;
			defaultConfigurationName = Release;
		};
		30D9D42D1DA352390022259E /* Build configuration list for PBXNativeTarget "ImagePicker" */ = {
			isa = XCConfigurationList;
			buildConfigurations = (
				30D9D42E1DA352390022259E /* Debug */,
				30D9D42F1DA352390022259E /* Release */,
			);
			defaultConfigurationIsVisible = 0;
			defaultConfigurationName = Release;
		};
/* End XCConfigurationList section */
	};
	rootObject = 30D9D4131DA352390022259E /* Project object */;
}
